// !$*UTF8*$!
{
	archiveVersion = 1;
	classes = {
	};
	objectVersion = 46;
	objects = {

/* Begin PBXBuildFile section */
		F3CC37CA195E713300F63E7F /* AppDelegate.swift in Sources */ = {isa = PBXBuildFile; fileRef = F3CC37C9195E713300F63E7F /* AppDelegate.swift */; };
		F3CC37CC195E713400F63E7F /* Images.xcassets in Resources */ = {isa = PBXBuildFile; fileRef = F3CC37CB195E713400F63E7F /* Images.xcassets */; };
		F3CC37D8195E713400F63E7F /* ToDoListTests.swift in Sources */ = {isa = PBXBuildFile; fileRef = F3CC37D7195E713400F63E7F /* ToDoListTests.swift */; };
		F3CC37ED195E753800F63E7F /* Main.storyboard in Resources */ = {isa = PBXBuildFile; fileRef = F3CC37EC195E753800F63E7F /* Main.storyboard */; };
/* End PBXBuildFile section */

/* Begin PBXContainerItemProxy section */
		F3CC37D2195E713400F63E7F /* PBXContainerItemProxy */ = {
			isa = PBXContainerItemProxy;
			containerPortal = F3CC37BC195E713300F63E7F /* Project object */;
			proxyType = 1;
			remoteGlobalIDString = F3CC37C3195E713300F63E7F;
			remoteInfo = ToDoList;
		};
/* End PBXContainerItemProxy section */

/* Begin PBXFileReference section */
		F3CC37C4195E713300F63E7F /* ToDoList.app */ = {isa = PBXFileReference; explicitFileType = wrapper.application; includeInIndex = 0; path = ToDoList.app; sourceTree = BUILT_PRODUCTS_DIR; };
		F3CC37C8195E713300F63E7F /* Info.plist */ = {isa = PBXFileReference; lastKnownFileType = text.plist.xml; path = Info.plist; sourceTree = "<group>"; };
		F3CC37C9195E713300F63E7F /* AppDelegate.swift */ = {isa = PBXFileReference; lastKnownFileType = sourcecode.swift; path = AppDelegate.swift; sourceTree = "<group>"; };
		F3CC37CB195E713400F63E7F /* Images.xcassets */ = {isa = PBXFileReference; lastKnownFileType = folder.assetcatalog; path = Images.xcassets; sourceTree = "<group>"; };
		F3CC37D1195E713400F63E7F /* ToDoListTests.xctest */ = {isa = PBXFileReference; explicitFileType = wrapper.cfbundle; includeInIndex = 0; path = ToDoListTests.xctest; sourceTree = BUILT_PRODUCTS_DIR; };
		F3CC37D6195E713400F63E7F /* Info.plist */ = {isa = PBXFileReference; lastKnownFileType = text.plist.xml; path = Info.plist; sourceTree = "<group>"; };
		F3CC37D7195E713400F63E7F /* ToDoListTests.swift */ = {isa = PBXFileReference; lastKnownFileType = sourcecode.swift; path = ToDoListTests.swift; sourceTree = "<group>"; };
		F3CC37EC195E753800F63E7F /* Main.storyboard */ = {isa = PBXFileReference; fileEncoding = 4; lastKnownFileType = file.storyboard; path = Main.storyboard; sourceTree = "<group>"; };
/* End PBXFileReference section */

/* Begin PBXFrameworksBuildPhase section */
		F3CC37C1195E713300F63E7F /* Frameworks */ = {
			isa = PBXFrameworksBuildPhase;
			buildActionMask = 2147483647;
			files = (
			);
			runOnlyForDeploymentPostprocessing = 0;
		};
		F3CC37CE195E713400F63E7F /* Frameworks */ = {
			isa = PBXFrameworksBuildPhase;
			buildActionMask = 2147483647;
			files = (
			);
			runOnlyForDeploymentPostprocessing = 0;
		};
/* End PBXFrameworksBuildPhase section */

/* Begin PBXGroup section */
		F3CC37BB195E713300F63E7F = {
			isa = PBXGroup;
			children = (
				F3CC37C6195E713300F63E7F /* ToDoList */,
				F3CC37D4195E713400F63E7F /* ToDoListTests */,
				F3CC37C5195E713300F63E7F /* Products */,
			);
			sourceTree = "<group>";
		};
		F3CC37C5195E713300F63E7F /* Products */ = {
			isa = PBXGroup;
			children = (
				F3CC37C4195E713300F63E7F /* ToDoList.app */,
				F3CC37D1195E713400F63E7F /* ToDoListTests.xctest */,
			);
			name = Products;
			sourceTree = "<group>";
		};
		F3CC37C6195E713300F63E7F /* ToDoList */ = {
			isa = PBXGroup;
			children = (
				F3CC37EC195E753800F63E7F /* Main.storyboard */,
				F3CC37C9195E713300F63E7F /* AppDelegate.swift */,
				F3CC37CB195E713400F63E7F /* Images.xcassets */,
				F3CC37C7195E713300F63E7F /* Supporting Files */,
			);
			path = ToDoList;
			sourceTree = "<group>";
		};
		F3CC37C7195E713300F63E7F /* Supporting Files */ = {
			isa = PBXGroup;
			children = (
				F3CC37C8195E713300F63E7F /* Info.plist */,
			);
			name = "Supporting Files";
			sourceTree = "<group>";
		};
		F3CC37D4195E713400F63E7F /* ToDoListTests */ = {
			isa = PBXGroup;
			children = (
				F3CC37D7195E713400F63E7F /* ToDoListTests.swift */,
				F3CC37D5195E713400F63E7F /* Supporting Files */,
			);
			path = ToDoListTests;
			sourceTree = "<group>";
		};
		F3CC37D5195E713400F63E7F /* Supporting Files */ = {
			isa = PBXGroup;
			children = (
				F3CC37D6195E713400F63E7F /* Info.plist */,
			);
			name = "Supporting Files";
			sourceTree = "<group>";
		};
/* End PBXGroup section */

/* Begin PBXNativeTarget section */
		F3CC37C3195E713300F63E7F /* ToDoList */ = {
			isa = PBXNativeTarget;
			buildConfigurationList = F3CC37DB195E713400F63E7F /* Build configuration list for PBXNativeTarget "ToDoList" */;
			buildPhases = (
				F3CC37C0195E713300F63E7F /* Sources */,
				F3CC37C1195E713300F63E7F /* Frameworks */,
				F3CC37C2195E713300F63E7F /* Resources */,
			);
			buildRules = (
			);
			dependencies = (
			);
			name = ToDoList;
			productName = ToDoList;
			productReference = F3CC37C4195E713300F63E7F /* ToDoList.app */;
			productType = "com.apple.product-type.application";
		};
		F3CC37D0195E713400F63E7F /* ToDoListTests */ = {
			isa = PBXNativeTarget;
			buildConfigurationList = F3CC37DE195E713400F63E7F /* Build configuration list for PBXNativeTarget "ToDoListTests" */;
			buildPhases = (
				F3CC37CD195E713400F63E7F /* Sources */,
				F3CC37CE195E713400F63E7F /* Frameworks */,
				F3CC37CF195E713400F63E7F /* Resources */,
			);
			buildRules = (
			);
			dependencies = (
				F3CC37D3195E713400F63E7F /* PBXTargetDependency */,
			);
			name = ToDoListTests;
			productName = ToDoListTests;
			productReference = F3CC37D1195E713400F63E7F /* ToDoListTests.xctest */;
			productType = "com.apple.product-type.bundle.unit-test";
		};
/* End PBXNativeTarget section */

/* Begin PBXProject section */
		F3CC37BC195E713300F63E7F /* Project object */ = {
			isa = PBXProject;
			attributes = {
				LastUpgradeCheck = 0600;
				ORGANIZATIONNAME = "Ealden Escañan";
				TargetAttributes = {
					F3CC37C3195E713300F63E7F = {
						CreatedOnToolsVersion = 6.0;
					};
					F3CC37D0195E713400F63E7F = {
						CreatedOnToolsVersion = 6.0;
						TestTargetID = F3CC37C3195E713300F63E7F;
					};
				};
			};
			buildConfigurationList = F3CC37BF195E713300F63E7F /* Build configuration list for PBXProject "ToDoList" */;
			compatibilityVersion = "Xcode 3.2";
			developmentRegion = English;
			hasScannedForEncodings = 0;
			knownRegions = (
				en,
			);
			mainGroup = F3CC37BB195E713300F63E7F;
			productRefGroup = F3CC37C5195E713300F63E7F /* Products */;
			projectDirPath = "";
			projectRoot = "";
			targets = (
				F3CC37C3195E713300F63E7F /* ToDoList */,
				F3CC37D0195E713400F63E7F /* ToDoListTests */,
			);
		};
/* End PBXProject section */

/* Begin PBXResourcesBuildPhase section */
		F3CC37C2195E713300F63E7F /* Resources */ = {
			isa = PBXResourcesBuildPhase;
			buildActionMask = 2147483647;
			files = (
				F3CC37ED195E753800F63E7F /* Main.storyboard in Resources */,
				F3CC37CC195E713400F63E7F /* Images.xcassets in Resources */,
			);
			runOnlyForDeploymentPostprocessing = 0;
		};
		F3CC37CF195E713400F63E7F /* Resources */ = {
			isa = PBXResourcesBuildPhase;
			buildActionMask = 2147483647;
			files = (
			);
			runOnlyForDeploymentPostprocessing = 0;
		};
/* End PBXResourcesBuildPhase section */

/* Begin PBXSourcesBuildPhase section */
		F3CC37C0195E713300F63E7F /* Sources */ = {
			isa = PBXSourcesBuildPhase;
			buildActionMask = 2147483647;
			files = (
				F3CC37CA195E713300F63E7F /* AppDelegate.swift in Sources */,
			);
			runOnlyForDeploymentPostprocessing = 0;
		};
		F3CC37CD195E713400F63E7F /* Sources */ = {
			isa = PBXSourcesBuildPhase;
			buildActionMask = 2147483647;
			files = (
				F3CC37D8195E713400F63E7F /* ToDoListTests.swift in Sources */,
			);
			runOnlyForDeploymentPostprocessing = 0;
		};
/* End PBXSourcesBuildPhase section */

/* Begin PBXTargetDependency section */
		F3CC37D3195E713400F63E7F /* PBXTargetDependency */ = {
			isa = PBXTargetDependency;
			target = F3CC37C3195E713300F63E7F /* ToDoList */;
			targetProxy = F3CC37D2195E713400F63E7F /* PBXContainerItemProxy */;
		};
/* End PBXTargetDependency section */

/* Begin XCBuildConfiguration section */
		F3CC37D9195E713400F63E7F /* Debug */ = {
			isa = XCBuildConfiguration;
			buildSettings = {
				ALWAYS_SEARCH_USER_PATHS = NO;
				CLANG_CXX_LANGUAGE_STANDARD = "gnu++0x";
				CLANG_CXX_LIBRARY = "libc++";
				CLANG_ENABLE_MODULES = YES;
				CLANG_ENABLE_OBJC_ARC = YES;
				CLANG_WARN_BOOL_CONVERSION = YES;
				CLANG_WARN_CONSTANT_CONVERSION = YES;
				CLANG_WARN_DIRECT_OBJC_ISA_USAGE = YES_ERROR;
				CLANG_WARN_EMPTY_BODY = YES;
				CLANG_WARN_ENUM_CONVERSION = YES;
				CLANG_WARN_INT_CONVERSION = YES;
				CLANG_WARN_OBJC_ROOT_CLASS = YES_ERROR;
				CLANG_WARN_UNREACHABLE_CODE = YES;
				CLANG_WARN__DUPLICATE_METHOD_MATCH = YES;
				"CODE_SIGN_IDENTITY[sdk=iphoneos*]" = "iPhone Developer";
				COPY_PHASE_STRIP = NO;
				ENABLE_STRICT_OBJC_MSGSEND = YES;
				GCC_C_LANGUAGE_STANDARD = gnu99;
				GCC_DYNAMIC_NO_PIC = NO;
				GCC_OPTIMIZATION_LEVEL = 0;
				GCC_PREPROCESSOR_DEFINITIONS = (
					"DEBUG=1",
					"$(inherited)",
				);
				GCC_SYMBOLS_PRIVATE_EXTERN = NO;
				GCC_WARN_64_TO_32_BIT_CONVERSION = YES;
				GCC_WARN_ABOUT_RETURN_TYPE = YES_ERROR;
				GCC_WARN_UNDECLARED_SELECTOR = YES;
				GCC_WARN_UNINITIALIZED_AUTOS = YES_AGGRESSIVE;
				GCC_WARN_UNUSED_FUNCTION = YES;
				GCC_WARN_UNUSED_VARIABLE = YES;
				IPHONEOS_DEPLOYMENT_TARGET = 8.0;
				METAL_ENABLE_DEBUG_INFO = YES;
				ONLY_ACTIVE_ARCH = YES;
				SDKROOT = iphoneos;
				SWIFT_OPTIMIZATION_LEVEL = "-Onone";
			};
			name = Debug;
		};
		F3CC37DA195E713400F63E7F /* Release */ = {
			isa = XCBuildConfiguration;
			buildSettings = {
				ALWAYS_SEARCH_USER_PATHS = NO;
				CLANG_CXX_LANGUAGE_STANDARD = "gnu++0x";
				CLANG_CXX_LIBRARY = "libc++";
				CLANG_ENABLE_MODULES = YES;
				CLANG_ENABLE_OBJC_ARC = YES;
				CLANG_WARN_BOOL_CONVERSION = YES;
				CLANG_WARN_CONSTANT_CONVERSION = YES;
				CLANG_WARN_DIRECT_OBJC_ISA_USAGE = YES_ERROR;
				CLANG_WARN_EMPTY_BODY = YES;
				CLANG_WARN_ENUM_CONVERSION = YES;
				CLANG_WARN_INT_CONVERSION = YES;
				CLANG_WARN_OBJC_ROOT_CLASS = YES_ERROR;
				CLANG_WARN_UNREACHABLE_CODE = YES;
				CLANG_WARN__DUPLICATE_METHOD_MATCH = YES;
				"CODE_SIGN_IDENTITY[sdk=iphoneos*]" = "iPhone Developer";
				COPY_PHASE_STRIP = YES;
				ENABLE_NS_ASSERTIONS = NO;
				ENABLE_STRICT_OBJC_MSGSEND = YES;
				GCC_C_LANGUAGE_STANDARD = gnu99;
				GCC_WARN_64_TO_32_BIT_CONVERSION = YES;
				GCC_WARN_ABOUT_RETURN_TYPE = YES_ERROR;
				GCC_WARN_UNDECLARED_SELECTOR = YES;
				GCC_WARN_UNINITIALIZED_AUTOS = YES_AGGRESSIVE;
				GCC_WARN_UNUSED_FUNCTION = YES;
				GCC_WARN_UNUSED_VARIABLE = YES;
				IPHONEOS_DEPLOYMENT_TARGET = 8.0;
				METAL_ENABLE_DEBUG_INFO = NO;
				SDKROOT = iphoneos;
				VALIDATE_PRODUCT = YES;
			};
			name = Release;
		};
		F3CC37DC195E713400F63E7F /* Debug */ = {
			isa = XCBuildConfiguration;
			buildSettings = {
				ASSETCATALOG_COMPILER_APPICON_NAME = AppIcon;
				ASSETCATALOG_COMPILER_LAUNCHIMAGE_NAME = LaunchImage;
				INFOPLIST_FILE = ToDoList/Info.plist;
				LD_RUNPATH_SEARCH_PATHS = "$(inherited) @executable_path/Frameworks";
				PRODUCT_NAME = "$(TARGET_NAME)";
			};
			name = Debug;
		};
		F3CC37DD195E713400F63E7F /* Release */ = {
			isa = XCBuildConfiguration;
			buildSettings = {
				ASSETCATALOG_COMPILER_APPICON_NAME = AppIcon;
				ASSETCATALOG_COMPILER_LAUNCHIMAGE_NAME = LaunchImage;
				INFOPLIST_FILE = ToDoList/Info.plist;
				LD_RUNPATH_SEARCH_PATHS = "$(inherited) @executable_path/Frameworks";
				PRODUCT_NAME = "$(TARGET_NAME)";
			};
			name = Release;
		};
		F3CC37DF195E713400F63E7F /* Debug */ = {
			isa = XCBuildConfiguration;
			buildSettings = {
				BUNDLE_LOADER = "$(BUILT_PRODUCTS_DIR)/ToDoList.app/ToDoList";
				FRAMEWORK_SEARCH_PATHS = (
					"$(SDKROOT)/Developer/Library/Frameworks",
					"$(inherited)",
				);
				GCC_PREPROCESSOR_DEFINITIONS = (
					"DEBUG=1",
					"$(inherited)",
				);
				INFOPLIST_FILE = ToDoListTests/Info.plist;
				LD_RUNPATH_SEARCH_PATHS = "$(inherited) @executable_path/Frameworks @loader_path/Frameworks";
				METAL_ENABLE_DEBUG_INFO = YES;
				PRODUCT_NAME = "$(TARGET_NAME)";
				TEST_HOST = "$(BUNDLE_LOADER)";
			};
			name = Debug;
		};
		F3CC37E0195E713400F63E7F /* Release */ = {
			isa = XCBuildConfiguration;
			buildSettings = {
				BUNDLE_LOADER = "$(BUILT_PRODUCTS_DIR)/ToDoList.app/ToDoList";
				FRAMEWORK_SEARCH_PATHS = (
					"$(SDKROOT)/Developer/Library/Frameworks",
					"$(inherited)",
				);
				INFOPLIST_FILE = ToDoListTests/Info.plist;
				LD_RUNPATH_SEARCH_PATHS = "$(inherited) @executable_path/Frameworks @loader_path/Frameworks";
				METAL_ENABLE_DEBUG_INFO = NO;
				PRODUCT_NAME = "$(TARGET_NAME)";
				TEST_HOST = "$(BUNDLE_LOADER)";
			};
			name = Release;
		};
/* End XCBuildConfiguration section */

/* Begin XCConfigurationList section */
		F3CC37BF195E713300F63E7F /* Build configuration list for PBXProject "ToDoList" */ = {
			isa = XCConfigurationList;
			buildConfigurations = (
				F3CC37D9195E713400F63E7F /* Debug */,
				F3CC37DA195E713400F63E7F /* Release */,
			);
			defaultConfigurationIsVisible = 0;
			defaultConfigurationName = Release;
		};
		F3CC37DB195E713400F63E7F /* Build configuration list for PBXNativeTarget "ToDoList" */ = {
			isa = XCConfigurationList;
			buildConfigurations = (
				F3CC37DC195E713400F63E7F /* Debug */,
				F3CC37DD195E713400F63E7F /* Release */,
			);
			defaultConfigurationIsVisible = 0;
		};
		F3CC37DE195E713400F63E7F /* Build configuration list for PBXNativeTarget "ToDoListTests" */ = {
			isa = XCConfigurationList;
			buildConfigurations = (
				F3CC37DF195E713400F63E7F /* Debug */,
				F3CC37E0195E713400F63E7F /* Release */,
			);
			defaultConfigurationIsVisible = 0;
		};
/* End XCConfigurationList section */
	};
	rootObject = F3CC37BC195E713300F63E7F /* Project object */;
}
